
Microsoft Visual Studio Solution File, Format Version 12.00
# Visual Studio Version 17
VisualStudioVersion = 17.6.33815.320
MinimumVisualStudioVersion = 10.0.40219.1
Project("{FAE04EC0-301F-11D3-BF4B-00C04F79EFBC}") = "Wordle", "Wordle.csproj", "{1CEF8848-B3A4-42E0-9FE7-A54E8FC0151A}"
EndProject
Project("{FAE04EC0-301F-11D3-BF4B-00C04F79EFBC}") = "Wordle-Library", "..\Wordle-Library\Wordle-Library.csproj", "{00EAAC36-C9F8-4265-8D66-796BABF14BFF}"
EndProject
Global
	GlobalSection(SolutionConfigurationPlatforms) = preSolution
		Debug|Any CPU = Debug|Any CPU
		Release|Any CPU = Release|Any CPU
	EndGlobalSection
	GlobalSection(ProjectConfigurationPlatforms) = postSolution
		{1CEF8848-B3A4-42E0-9FE7-A54E8FC0151A}.Debug|Any CPU.ActiveCfg = Debug|Any CPU
		{1CEF8848-B3A4-42E0-9FE7-A54E8FC0151A}.Debug|Any CPU.Build.0 = Debug|Any CPU
		{1CEF8848-B3A4-42E0-9FE7-A54E8FC0151A}.Release|Any CPU.ActiveCfg = Release|Any CPU
		{1CEF8848-B3A4-42E0-9FE7-A54E8FC0151A}.Release|Any CPU.Build.0 = Release|Any CPU
		{00EAAC36-C9F8-4265-8D66-796BABF14BFF}.Debug|Any CPU.ActiveCfg = Debug|Any CPU
		{00EAAC36-C9F8-4265-8D66-796BABF14BFF}.Debug|Any CPU.Build.0 = Debug|Any CPU
		{00EAAC36-C9F8-4265-8D66-796BABF14BFF}.Release|Any CPU.ActiveCfg = Release|Any CPU
		{00EAAC36-C9F8-4265-8D66-796BABF14BFF}.Release|Any CPU.Build.0 = Release|Any CPU
	EndGlobalSection
	GlobalSection(SolutionProperties) = preSolution
		HideSolutionNode = FALSE
	EndGlobalSection
	GlobalSection(ExtensibilityGlobals) = postSolution
		SolutionGuid = {0A0C647E-4628-44BA-AD86-6B5A1C6D4C1D}
	EndGlobalSection
EndGlobal
